// !$*UTF8*$!
{
	archiveVersion = 1;
	classes = {
	};
	objectVersion = 46;
	objects = {

/* Begin PBXBuildFile section */
		7EB5DBDB1995D79A001C7108 /* Foundation.framework in Frameworks */ = {isa = PBXBuildFile; fileRef = 7EB5DBDA1995D79A001C7108 /* Foundation.framework */; };
		7EB5DBDD1995D79A001C7108 /* CoreGraphics.framework in Frameworks */ = {isa = PBXBuildFile; fileRef = 7EB5DBDC1995D79A001C7108 /* CoreGraphics.framework */; };
		7EB5DBDF1995D79A001C7108 /* UIKit.framework in Frameworks */ = {isa = PBXBuildFile; fileRef = 7EB5DBDE1995D79A001C7108 /* UIKit.framework */; };
		7EB5DBE51995D79A001C7108 /* InfoPlist.strings in Resources */ = {isa = PBXBuildFile; fileRef = 7EB5DBE31995D79A001C7108 /* InfoPlist.strings */; };
		7EB5DBE71995D79A001C7108 /* main.m in Sources */ = {isa = PBXBuildFile; fileRef = 7EB5DBE61995D79A001C7108 /* main.m */; };
		7EB5DBEB1995D79A001C7108 /* AppDelegate.m in Sources */ = {isa = PBXBuildFile; fileRef = 7EB5DBEA1995D79A001C7108 /* AppDelegate.m */; };
		7EB5DBEE1995D79A001C7108 /* Main.storyboard in Resources */ = {isa = PBXBuildFile; fileRef = 7EB5DBEC1995D79A001C7108 /* Main.storyboard */; };
		7EB5DBF11995D79A001C7108 /* ViewController.m in Sources */ = {isa = PBXBuildFile; fileRef = 7EB5DBF01995D79A001C7108 /* ViewController.m */; };
		7EB5DBF31995D79A001C7108 /* Images.xcassets in Resources */ = {isa = PBXBuildFile; fileRef = 7EB5DBF21995D79A001C7108 /* Images.xcassets */; };
		7EB5DBFA1995D79A001C7108 /* XCTest.framework in Frameworks */ = {isa = PBXBuildFile; fileRef = 7EB5DBF91995D79A001C7108 /* XCTest.framework */; };
		7EB5DBFB1995D79A001C7108 /* Foundation.framework in Frameworks */ = {isa = PBXBuildFile; fileRef = 7EB5DBDA1995D79A001C7108 /* Foundation.framework */; };
		7EB5DBFC1995D79A001C7108 /* UIKit.framework in Frameworks */ = {isa = PBXBuildFile; fileRef = 7EB5DBDE1995D79A001C7108 /* UIKit.framework */; };
		7EB5DC041995D79A001C7108 /* InfoPlist.strings in Resources */ = {isa = PBXBuildFile; fileRef = 7EB5DC021995D79A001C7108 /* InfoPlist.strings */; };
		7EB5DC061995D79A001C7108 /* otameshiTests.m in Sources */ = {isa = PBXBuildFile; fileRef = 7EB5DC051995D79A001C7108 /* otameshiTests.m */; };
/* End PBXBuildFile section */

/* Begin PBXContainerItemProxy section */
		7EB5DBFD1995D79A001C7108 /* PBXContainerItemProxy */ = {
			isa = PBXContainerItemProxy;
			containerPortal = 7EB5DBCF1995D79A001C7108 /* Project object */;
			proxyType = 1;
			remoteGlobalIDString = 7EB5DBD61995D79A001C7108;
			remoteInfo = otameshi;
		};
/* End PBXContainerItemProxy section */

/* Begin PBXFileReference section */
		7EB5DBD71995D79A001C7108 /* otameshi.app */ = {isa = PBXFileReference; explicitFileType = wrapper.application; includeInIndex = 0; path = otameshi.app; sourceTree = BUILT_PRODUCTS_DIR; };
		7EB5DBDA1995D79A001C7108 /* Foundation.framework */ = {isa = PBXFileReference; lastKnownFileType = wrapper.framework; name = Foundation.framework; path = System/Library/Frameworks/Foundation.framework; sourceTree = SDKROOT; };
		7EB5DBDC1995D79A001C7108 /* CoreGraphics.framework */ = {isa = PBXFileReference; lastKnownFileType = wrapper.framework; name = CoreGraphics.framework; path = System/Library/Frameworks/CoreGraphics.framework; sourceTree = SDKROOT; };
		7EB5DBDE1995D79A001C7108 /* UIKit.framework */ = {isa = PBXFileReference; lastKnownFileType = wrapper.framework; name = UIKit.framework; path = System/Library/Frameworks/UIKit.framework; sourceTree = SDKROOT; };
		7EB5DBE21995D79A001C7108 /* otameshi-Info.plist */ = {isa = PBXFileReference; lastKnownFileType = text.plist.xml; path = "otameshi-Info.plist"; sourceTree = "<group>"; };
		7EB5DBE41995D79A001C7108 /* en */ = {isa = PBXFileReference; lastKnownFileType = text.plist.strings; name = en; path = en.lproj/InfoPlist.strings; sourceTree = "<group>"; };
		7EB5DBE61995D79A001C7108 /* main.m */ = {isa = PBXFileReference; lastKnownFileType = sourcecode.c.objc; path = main.m; sourceTree = "<group>"; };
		7EB5DBE81995D79A001C7108 /* otameshi-Prefix.pch */ = {isa = PBXFileReference; lastKnownFileType = sourcecode.c.h; path = "otameshi-Prefix.pch"; sourceTree = "<group>"; };
		7EB5DBE91995D79A001C7108 /* AppDelegate.h */ = {isa = PBXFileReference; lastKnownFileType = sourcecode.c.h; path = AppDelegate.h; sourceTree = "<group>"; };
		7EB5DBEA1995D79A001C7108 /* AppDelegate.m */ = {isa = PBXFileReference; lastKnownFileType = sourcecode.c.objc; path = AppDelegate.m; sourceTree = "<group>"; };
		7EB5DBED1995D79A001C7108 /* Base */ = {isa = PBXFileReference; lastKnownFileType = file.storyboard; name = Base; path = Base.lproj/Main.storyboard; sourceTree = "<group>"; };
		7EB5DBEF1995D79A001C7108 /* ViewController.h */ = {isa = PBXFileReference; lastKnownFileType = sourcecode.c.h; path = ViewController.h; sourceTree = "<group>"; };
		7EB5DBF01995D79A001C7108 /* ViewController.m */ = {isa = PBXFileReference; lastKnownFileType = sourcecode.c.objc; path = ViewController.m; sourceTree = "<group>"; };
		7EB5DBF21995D79A001C7108 /* Images.xcassets */ = {isa = PBXFileReference; lastKnownFileType = folder.assetcatalog; path = Images.xcassets; sourceTree = "<group>"; };
		7EB5DBF81995D79A001C7108 /* otameshiTests.xctest */ = {isa = PBXFileReference; explicitFileType = wrapper.cfbundle; includeInIndex = 0; path = otameshiTests.xctest; sourceTree = BUILT_PRODUCTS_DIR; };
		7EB5DBF91995D79A001C7108 /* XCTest.framework */ = {isa = PBXFileReference; lastKnownFileType = wrapper.framework; name = XCTest.framework; path = Library/Frameworks/XCTest.framework; sourceTree = DEVELOPER_DIR; };
		7EB5DC011995D79A001C7108 /* otameshiTests-Info.plist */ = {isa = PBXFileReference; lastKnownFileType = text.plist.xml; path = "otameshiTests-Info.plist"; sourceTree = "<group>"; };
		7EB5DC031995D79A001C7108 /* en */ = {isa = PBXFileReference; lastKnownFileType = text.plist.strings; name = en; path = en.lproj/InfoPlist.strings; sourceTree = "<group>"; };
		7EB5DC051995D79A001C7108 /* otameshiTests.m */ = {isa = PBXFileReference; lastKnownFileType = sourcecode.c.objc; path = otameshiTests.m; sourceTree = "<group>"; };
/* End PBXFileReference section */

/* Begin PBXFrameworksBuildPhase section */
		7EB5DBD41995D79A001C7108 /* Frameworks */ = {
			isa = PBXFrameworksBuildPhase;
			buildActionMask = 2147483647;
			files = (
				7EB5DBDD1995D79A001C7108 /* CoreGraphics.framework in Frameworks */,
				7EB5DBDF1995D79A001C7108 /* UIKit.framework in Frameworks */,
				7EB5DBDB1995D79A001C7108 /* Foundation.framework in Frameworks */,
			);
			runOnlyForDeploymentPostprocessing = 0;
		};
		7EB5DBF51995D79A001C7108 /* Frameworks */ = {
			isa = PBXFrameworksBuildPhase;
			buildActionMask = 2147483647;
			files = (
				7EB5DBFA1995D79A001C7108 /* XCTest.framework in Frameworks */,
				7EB5DBFC1995D79A001C7108 /* UIKit.framework in Frameworks */,
				7EB5DBFB1995D79A001C7108 /* Foundation.framework in Frameworks */,
			);
			runOnlyForDeploymentPostprocessing = 0;
		};
/* End PBXFrameworksBuildPhase section */

/* Begin PBXGroup section */
		7EB5DBCE1995D79A001C7108 = {
			isa = PBXGroup;
			children = (
				7EB5DBE01995D79A001C7108 /* otameshi */,
				7EB5DBFF1995D79A001C7108 /* otameshiTests */,
				7EB5DBD91995D79A001C7108 /* Frameworks */,
				7EB5DBD81995D79A001C7108 /* Products */,
			);
			sourceTree = "<group>";
		};
		7EB5DBD81995D79A001C7108 /* Products */ = {
			isa = PBXGroup;
			children = (
				7EB5DBD71995D79A001C7108 /* otameshi.app */,
				7EB5DBF81995D79A001C7108 /* otameshiTests.xctest */,
			);
			name = Products;
			sourceTree = "<group>";
		};
		7EB5DBD91995D79A001C7108 /* Frameworks */ = {
			isa = PBXGroup;
			children = (
				7EB5DBDA1995D79A001C7108 /* Foundation.framework */,
				7EB5DBDC1995D79A001C7108 /* CoreGraphics.framework */,
				7EB5DBDE1995D79A001C7108 /* UIKit.framework */,
				7EB5DBF91995D79A001C7108 /* XCTest.framework */,
			);
			name = Frameworks;
			sourceTree = "<group>";
		};
		7EB5DBE01995D79A001C7108 /* otameshi */ = {
			isa = PBXGroup;
			children = (
				7EB5DBE91995D79A001C7108 /* AppDelegate.h */,
				7EB5DBEA1995D79A001C7108 /* AppDelegate.m */,
				7EB5DBEC1995D79A001C7108 /* Main.storyboard */,
				7EB5DBEF1995D79A001C7108 /* ViewController.h */,
				7EB5DBF01995D79A001C7108 /* ViewController.m */,
				7EB5DBF21995D79A001C7108 /* Images.xcassets */,
				7EB5DBE11995D79A001C7108 /* Supporting Files */,
			);
			path = otameshi;
			sourceTree = "<group>";
		};
		7EB5DBE11995D79A001C7108 /* Supporting Files */ = {
			isa = PBXGroup;
			children = (
				7EB5DBE21995D79A001C7108 /* otameshi-Info.plist */,
				7EB5DBE31995D79A001C7108 /* InfoPlist.strings */,
				7EB5DBE61995D79A001C7108 /* main.m */,
				7EB5DBE81995D79A001C7108 /* otameshi-Prefix.pch */,
			);
			name = "Supporting Files";
			sourceTree = "<group>";
		};
		7EB5DBFF1995D79A001C7108 /* otameshiTests */ = {
			isa = PBXGroup;
			children = (
				7EB5DC051995D79A001C7108 /* otameshiTests.m */,
				7EB5DC001995D79A001C7108 /* Supporting Files */,
			);
			path = otameshiTests;
			sourceTree = "<group>";
		};
		7EB5DC001995D79A001C7108 /* Supporting Files */ = {
			isa = PBXGroup;
			children = (
				7EB5DC011995D79A001C7108 /* otameshiTests-Info.plist */,
				7EB5DC021995D79A001C7108 /* InfoPlist.strings */,
			);
			name = "Supporting Files";
			sourceTree = "<group>";
		};
/* End PBXGroup section */

/* Begin PBXNativeTarget section */
		7EB5DBD61995D79A001C7108 /* otameshi */ = {
			isa = PBXNativeTarget;
			buildConfigurationList = 7EB5DC091995D79A001C7108 /* Build configuration list for PBXNativeTarget "otameshi" */;
			buildPhases = (
				7EB5DBD31995D79A001C7108 /* Sources */,
				7EB5DBD41995D79A001C7108 /* Frameworks */,
				7EB5DBD51995D79A001C7108 /* Resources */,
			);
			buildRules = (
			);
			dependencies = (
			);
			name = otameshi;
			productName = otameshi;
			productReference = 7EB5DBD71995D79A001C7108 /* otameshi.app */;
			productType = "com.apple.product-type.application";
		};
		7EB5DBF71995D79A001C7108 /* otameshiTests */ = {
			isa = PBXNativeTarget;
			buildConfigurationList = 7EB5DC0C1995D79A001C7108 /* Build configuration list for PBXNativeTarget "otameshiTests" */;
			buildPhases = (
				7EB5DBF41995D79A001C7108 /* Sources */,
				7EB5DBF51995D79A001C7108 /* Frameworks */,
				7EB5DBF61995D79A001C7108 /* Resources */,
			);
			buildRules = (
			);
			dependencies = (
				7EB5DBFE1995D79A001C7108 /* PBXTargetDependency */,
			);
			name = otameshiTests;
			productName = otameshiTests;
			productReference = 7EB5DBF81995D79A001C7108 /* otameshiTests.xctest */;
			productType = "com.apple.product-type.bundle.unit-test";
		};
/* End PBXNativeTarget section */

/* Begin PBXProject section */
		7EB5DBCF1995D79A001C7108 /* Project object */ = {
			isa = PBXProject;
			attributes = {
				LastUpgradeCheck = 0510;
				ORGANIZATIONNAME = "hata kanae";
				TargetAttributes = {
					7EB5DBF71995D79A001C7108 = {
						TestTargetID = 7EB5DBD61995D79A001C7108;
					};
				};
			};
			buildConfigurationList = 7EB5DBD21995D79A001C7108 /* Build configuration list for PBXProject "otameshi" */;
			compatibilityVersion = "Xcode 3.2";
			developmentRegion = English;
			hasScannedForEncodings = 0;
			knownRegions = (
				en,
				Base,
			);
			mainGroup = 7EB5DBCE1995D79A001C7108;
			productRefGroup = 7EB5DBD81995D79A001C7108 /* Products */;
			projectDirPath = "";
			projectRoot = "";
			targets = (
				7EB5DBD61995D79A001C7108 /* otameshi */,
				7EB5DBF71995D79A001C7108 /* otameshiTests */,
			);
		};
/* End PBXProject section */

/* Begin PBXResourcesBuildPhase section */
		7EB5DBD51995D79A001C7108 /* Resources */ = {
			isa = PBXResourcesBuildPhase;
			buildActionMask = 2147483647;
			files = (
				7EB5DBF31995D79A001C7108 /* Images.xcassets in Resources */,
				7EB5DBE51995D79A001C7108 /* InfoPlist.strings in Resources */,
				7EB5DBEE1995D79A001C7108 /* Main.storyboard in Resources */,
			);
			runOnlyForDeploymentPostprocessing = 0;
		};
		7EB5DBF61995D79A001C7108 /* Resources */ = {
			isa = PBXResourcesBuildPhase;
			buildActionMask = 2147483647;
			files = (
				7EB5DC041995D79A001C7108 /* InfoPlist.strings in Resources */,
			);
			runOnlyForDeploymentPostprocessing = 0;
		};
/* End PBXResourcesBuildPhase section */

/* Begin PBXSourcesBuildPhase section */
		7EB5DBD31995D79A001C7108 /* Sources */ = {
			isa = PBXSourcesBuildPhase;
			buildActionMask = 2147483647;
			files = (
				7EB5DBF11995D79A001C7108 /* ViewController.m in Sources */,
				7EB5DBEB1995D79A001C7108 /* AppDelegate.m in Sources */,
				7EB5DBE71995D79A001C7108 /* main.m in Sources */,
			);
			runOnlyForDeploymentPostprocessing = 0;
		};
		7EB5DBF41995D79A001C7108 /* Sources */ = {
			isa = PBXSourcesBuildPhase;
			buildActionMask = 2147483647;
			files = (
				7EB5DC061995D79A001C7108 /* otameshiTests.m in Sources */,
			);
			runOnlyForDeploymentPostprocessing = 0;
		};
/* End PBXSourcesBuildPhase section */

/* Begin PBXTargetDependency section */
		7EB5DBFE1995D79A001C7108 /* PBXTargetDependency */ = {
			isa = PBXTargetDependency;
			target = 7EB5DBD61995D79A001C7108 /* otameshi */;
			targetProxy = 7EB5DBFD1995D79A001C7108 /* PBXContainerItemProxy */;
		};
/* End PBXTargetDependency section */

/* Begin PBXVariantGroup section */
		7EB5DBE31995D79A001C7108 /* InfoPlist.strings */ = {
			isa = PBXVariantGroup;
			children = (
				7EB5DBE41995D79A001C7108 /* en */,
			);
			name = InfoPlist.strings;
			sourceTree = "<group>";
		};
		7EB5DBEC1995D79A001C7108 /* Main.storyboard */ = {
			isa = PBXVariantGroup;
			children = (
				7EB5DBED1995D79A001C7108 /* Base */,
			);
			name = Main.storyboard;
			sourceTree = "<group>";
		};
		7EB5DC021995D79A001C7108 /* InfoPlist.strings */ = {
			isa = PBXVariantGroup;
			children = (
				7EB5DC031995D79A001C7108 /* en */,
			);
			name = InfoPlist.strings;
			sourceTree = "<group>";
		};
/* End PBXVariantGroup section */

/* Begin XCBuildConfiguration section */
		7EB5DC071995D79A001C7108 /* Debug */ = {
			isa = XCBuildConfiguration;
			buildSettings = {
				ALWAYS_SEARCH_USER_PATHS = NO;
				CLANG_CXX_LANGUAGE_STANDARD = "gnu++0x";
				CLANG_CXX_LIBRARY = "libc++";
				CLANG_ENABLE_MODULES = YES;
				CLANG_ENABLE_OBJC_ARC = YES;
				CLANG_WARN_BOOL_CONVERSION = YES;
				CLANG_WARN_CONSTANT_CONVERSION = YES;
				CLANG_WARN_DIRECT_OBJC_ISA_USAGE = YES_ERROR;
				CLANG_WARN_EMPTY_BODY = YES;
				CLANG_WARN_ENUM_CONVERSION = YES;
				CLANG_WARN_INT_CONVERSION = YES;
				CLANG_WARN_OBJC_ROOT_CLASS = YES_ERROR;
				CLANG_WARN__DUPLICATE_METHOD_MATCH = YES;
				"CODE_SIGN_IDENTITY[sdk=iphoneos*]" = "iPhone Developer";
				COPY_PHASE_STRIP = NO;
				GCC_C_LANGUAGE_STANDARD = gnu99;
				GCC_DYNAMIC_NO_PIC = NO;
				GCC_OPTIMIZATION_LEVEL = 0;
				GCC_PREPROCESSOR_DEFINITIONS = (
					"DEBUG=1",
					"$(inherited)",
				);
				GCC_SYMBOLS_PRIVATE_EXTERN = NO;
				GCC_WARN_64_TO_32_BIT_CONVERSION = YES;
				GCC_WARN_ABOUT_RETURN_TYPE = YES_ERROR;
				GCC_WARN_UNDECLARED_SELECTOR = YES;
				GCC_WARN_UNINITIALIZED_AUTOS = YES_AGGRESSIVE;
				GCC_WARN_UNUSED_FUNCTION = YES;
				GCC_WARN_UNUSED_VARIABLE = YES;
				IPHONEOS_DEPLOYMENT_TARGET = 7.1;
				ONLY_ACTIVE_ARCH = YES;
				SDKROOT = iphoneos;
			};
			name = Debug;
		};
		7EB5DC081995D79A001C7108 /* Release */ = {
			isa = XCBuildConfiguration;
			buildSettings = {
				ALWAYS_SEARCH_USER_PATHS = NO;
				CLANG_CXX_LANGUAGE_STANDARD = "gnu++0x";
				CLANG_CXX_LIBRARY = "libc++";
				CLANG_ENABLE_MODULES = YES;
				CLANG_ENABLE_OBJC_ARC = YES;
				CLANG_WARN_BOOL_CONVERSION = YES;
				CLANG_WARN_CONSTANT_CONVERSION = YES;
				CLANG_WARN_DIRECT_OBJC_ISA_USAGE = YES_ERROR;
				CLANG_WARN_EMPTY_BODY = YES;
				CLANG_WARN_ENUM_CONVERSION = YES;
				CLANG_WARN_INT_CONVERSION = YES;
				CLANG_WARN_OBJC_ROOT_CLASS = YES_ERROR;
				CLANG_WARN__DUPLICATE_METHOD_MATCH = YES;
				"CODE_SIGN_IDENTITY[sdk=iphoneos*]" = "iPhone Developer";
				COPY_PHASE_STRIP = YES;
				ENABLE_NS_ASSERTIONS = NO;
				GCC_C_LANGUAGE_STANDARD = gnu99;
				GCC_WARN_64_TO_32_BIT_CONVERSION = YES;
				GCC_WARN_ABOUT_RETURN_TYPE = YES_ERROR;
				GCC_WARN_UNDECLARED_SELECTOR = YES;
				GCC_WARN_UNINITIALIZED_AUTOS = YES_AGGRESSIVE;
				GCC_WARN_UNUSED_FUNCTION = YES;
				GCC_WARN_UNUSED_VARIABLE = YES;
				IPHONEOS_DEPLOYMENT_TARGET = 7.1;
				SDKROOT = iphoneos;
				VALIDATE_PRODUCT = YES;
			};
			name = Release;
		};
		7EB5DC0A1995D79A001C7108 /* Debug */ = {
			isa = XCBuildConfiguration;
			buildSettings = {
				ASSETCATALOG_COMPILER_APPICON_NAME = AppIcon;
				ASSETCATALOG_COMPILER_LAUNCHIMAGE_NAME = LaunchImage;
				GCC_PRECOMPILE_PREFIX_HEADER = YES;
				GCC_PREFIX_HEADER = "otameshi/otameshi-Prefix.pch";
				INFOPLIST_FILE = "otameshi/otameshi-Info.plist";
				PRODUCT_NAME = "$(TARGET_NAME)";
				WRAPPER_EXTENSION = app;
			};
			name = Debug;
		};
		7EB5DC0B1995D79A001C7108 /* Release */ = {
			isa = XCBuildConfiguration;
			buildSettings = {
				ASSETCATALOG_COMPILER_APPICON_NAME = AppIcon;
				ASSETCATALOG_COMPILER_LAUNCHIMAGE_NAME = LaunchImage;
				GCC_PRECOMPILE_PREFIX_HEADER = YES;
				GCC_PREFIX_HEADER = "otameshi/otameshi-Prefix.pch";
				INFOPLIST_FILE = "otameshi/otameshi-Info.plist";
				PRODUCT_NAME = "$(TARGET_NAME)";
				WRAPPER_EXTENSION = app;
			};
			name = Release;
		};
		7EB5DC0D1995D79A001C7108 /* Debug */ = {
			isa = XCBuildConfiguration;
			buildSettings = {
				BUNDLE_LOADER = "$(BUILT_PRODUCTS_DIR)/otameshi.app/otameshi";
				FRAMEWORK_SEARCH_PATHS = (
					"$(SDKROOT)/Developer/Library/Frameworks",
					"$(inherited)",
					"$(DEVELOPER_FRAMEWORKS_DIR)",
				);
				GCC_PRECOMPILE_PREFIX_HEADER = YES;
				GCC_PREFIX_HEADER = "otameshi/otameshi-Prefix.pch";
				GCC_PREPROCESSOR_DEFINITIONS = (
					"DEBUG=1",
					"$(inherited)",
				);
				INFOPLIST_FILE = "otameshiTests/otameshiTests-Info.plist";
				PRODUCT_NAME = "$(TARGET_NAME)";
				TEST_HOST = "$(BUNDLE_LOADER)";
				WRAPPER_EXTENSION = xctest;
			};
			name = Debug;
		};
		7EB5DC0E1995D79A001C7108 /* Release */ = {
			isa = XCBuildConfiguration;
			buildSettings = {
				BUNDLE_LOADER = "$(BUILT_PRODUCTS_DIR)/otameshi.app/otameshi";
				FRAMEWORK_SEARCH_PATHS = (
					"$(SDKROOT)/Developer/Library/Frameworks",
					"$(inherited)",
					"$(DEVELOPER_FRAMEWORKS_DIR)",
				);
				GCC_PRECOMPILE_PREFIX_HEADER = YES;
				GCC_PREFIX_HEADER = "otameshi/otameshi-Prefix.pch";
				INFOPLIST_FILE = "otameshiTests/otameshiTests-Info.plist";
				PRODUCT_NAME = "$(TARGET_NAME)";
				TEST_HOST = "$(BUNDLE_LOADER)";
				WRAPPER_EXTENSION = xctest;
			};
			name = Release;
		};
/* End XCBuildConfiguration section */

/* Begin XCConfigurationList section */
		7EB5DBD21995D79A001C7108 /* Build configuration list for PBXProject "otameshi" */ = {
			isa = XCConfigurationList;
			buildConfigurations = (
				7EB5DC071995D79A001C7108 /* Debug */,
				7EB5DC081995D79A001C7108 /* Release */,
			);
			defaultConfigurationIsVisible = 0;
			defaultConfigurationName = Release;
		};
		7EB5DC091995D79A001C7108 /* Build configuration list for PBXNativeTarget "otameshi" */ = {
			isa = XCConfigurationList;
			buildConfigurations = (
				7EB5DC0A1995D79A001C7108 /* Debug */,
				7EB5DC0B1995D79A001C7108 /* Release */,
			);
			defaultConfigurationIsVisible = 0;
		};
		7EB5DC0C1995D79A001C7108 /* Build configuration list for PBXNativeTarget "otameshiTests" */ = {
			isa = XCConfigurationList;
			buildConfigurations = (
				7EB5DC0D1995D79A001C7108 /* Debug */,
				7EB5DC0E1995D79A001C7108 /* Release */,
			);
			defaultConfigurationIsVisible = 0;
		};
/* End XCConfigurationList section */
	};
	rootObject = 7EB5DBCF1995D79A001C7108 /* Project object */;
}
